
Microsoft Visual Studio Solution File, Format Version 12.00
# Visual Studio Version 17
VisualStudioVersion = 17.2.32526.322
MinimumVisualStudioVersion = 10.0.40219.1
Project("{FAE04EC0-301F-11D3-BF4B-00C04F79EFBC}") = "HW.lesson3", "HW.lesson3\HW.lesson3.csproj", "{7FEB8C8B-7744-4DC2-8786-5D639A751DB3}"
EndProject
Global
	GlobalSection(SolutionConfigurationPlatforms) = preSolution
		Debug|Any CPU = Debug|Any CPU
		Release|Any CPU = Release|Any CPU
	EndGlobalSection
	GlobalSection(ProjectConfigurationPlatforms) = postSolution
		{7FEB8C8B-7744-4DC2-8786-5D639A751DB3}.Debug|Any CPU.ActiveCfg = Debug|Any CPU
		{7FEB8C8B-7744-4DC2-8786-5D639A751DB3}.Debug|Any CPU.Build.0 = Debug|Any CPU
		{7FEB8C8B-7744-4DC2-8786-5D639A751DB3}.Release|Any CPU.ActiveCfg = Release|Any CPU
		{7FEB8C8B-7744-4DC2-8786-5D639A751DB3}.Release|Any CPU.Build.0 = Release|Any CPU
	EndGlobalSection
	GlobalSection(SolutionProperties) = preSolution
		HideSolutionNode = FALSE
	EndGlobalSection
	GlobalSection(ExtensibilityGlobals) = postSolution
		SolutionGuid = {C75EE52F-514A-449B-B65C-A6A8BEEC221A}
	EndGlobalSection
EndGlobal
